// !$*UTF8*$!
{
	archiveVersion = 1;
	classes = {
	};
	objectVersion = 46;
	objects = {

/* Begin PBXBuildFile section */
		003AE8F817E82D4900E26CD3 /* UIKit.framework in Frameworks */ = {isa = PBXBuildFile; fileRef = 003AE8F717E82D4900E26CD3 /* UIKit.framework */; };
		003AE8FA17E82D4900E26CD3 /* Foundation.framework in Frameworks */ = {isa = PBXBuildFile; fileRef = 003AE8F917E82D4900E26CD3 /* Foundation.framework */; };
		003AE8FC17E82D4900E26CD3 /* CoreGraphics.framework in Frameworks */ = {isa = PBXBuildFile; fileRef = 003AE8FB17E82D4900E26CD3 /* CoreGraphics.framework */; };
		003AE90217E82D4900E26CD3 /* InfoPlist.strings in Resources */ = {isa = PBXBuildFile; fileRef = 003AE90017E82D4900E26CD3 /* InfoPlist.strings */; };
		003AE90417E82D4900E26CD3 /* main.m in Sources */ = {isa = PBXBuildFile; fileRef = 003AE90317E82D4900E26CD3 /* main.m */; };
		003AE90817E82D4900E26CD3 /* BIDAppDelegate.m in Sources */ = {isa = PBXBuildFile; fileRef = 003AE90717E82D4900E26CD3 /* BIDAppDelegate.m */; };
		003AE90B17E82D4900E26CD3 /* MainStoryboard.storyboard in Resources */ = {isa = PBXBuildFile; fileRef = 003AE90917E82D4900E26CD3 /* MainStoryboard.storyboard */; };
		003AE90E17E82D4900E26CD3 /* BIDViewController.m in Sources */ = {isa = PBXBuildFile; fileRef = 003AE90D17E82D4900E26CD3 /* BIDViewController.m */; };
		003AE91617E8321700E26CD3 /* BIDTaskListController.m in Sources */ = {isa = PBXBuildFile; fileRef = 003AE91517E8321700E26CD3 /* BIDTaskListController.m */; };
/* End PBXBuildFile section */

/* Begin PBXFileReference section */
		003AE8F317E82D4900E26CD3 /* Simple Storyboard.app */ = {isa = PBXFileReference; explicitFileType = wrapper.application; includeInIndex = 0; path = "Simple Storyboard.app"; sourceTree = BUILT_PRODUCTS_DIR; };
		003AE8F717E82D4900E26CD3 /* UIKit.framework */ = {isa = PBXFileReference; lastKnownFileType = wrapper.framework; name = UIKit.framework; path = System/Library/Frameworks/UIKit.framework; sourceTree = SDKROOT; };
		003AE8F917E82D4900E26CD3 /* Foundation.framework */ = {isa = PBXFileReference; lastKnownFileType = wrapper.framework; name = Foundation.framework; path = System/Library/Frameworks/Foundation.framework; sourceTree = SDKROOT; };
		003AE8FB17E82D4900E26CD3 /* CoreGraphics.framework */ = {isa = PBXFileReference; lastKnownFileType = wrapper.framework; name = CoreGraphics.framework; path = System/Library/Frameworks/CoreGraphics.framework; sourceTree = SDKROOT; };
		003AE8FF17E82D4900E26CD3 /* Simple Storyboard-Info.plist */ = {isa = PBXFileReference; lastKnownFileType = text.plist.xml; path = "Simple Storyboard-Info.plist"; sourceTree = "<group>"; };
		003AE90117E82D4900E26CD3 /* en */ = {isa = PBXFileReference; lastKnownFileType = text.plist.strings; name = en; path = en.lproj/InfoPlist.strings; sourceTree = "<group>"; };
		003AE90317E82D4900E26CD3 /* main.m */ = {isa = PBXFileReference; lastKnownFileType = sourcecode.c.objc; path = main.m; sourceTree = "<group>"; };
		003AE90517E82D4900E26CD3 /* Simple Storyboard-Prefix.pch */ = {isa = PBXFileReference; lastKnownFileType = sourcecode.c.h; path = "Simple Storyboard-Prefix.pch"; sourceTree = "<group>"; };
		003AE90617E82D4900E26CD3 /* BIDAppDelegate.h */ = {isa = PBXFileReference; lastKnownFileType = sourcecode.c.h; path = BIDAppDelegate.h; sourceTree = "<group>"; };
		003AE90717E82D4900E26CD3 /* BIDAppDelegate.m */ = {isa = PBXFileReference; lastKnownFileType = sourcecode.c.objc; path = BIDAppDelegate.m; sourceTree = "<group>"; };
		003AE90A17E82D4900E26CD3 /* en */ = {isa = PBXFileReference; lastKnownFileType = file.storyboard; name = en; path = en.lproj/MainStoryboard.storyboard; sourceTree = "<group>"; };
		003AE90C17E82D4900E26CD3 /* BIDViewController.h */ = {isa = PBXFileReference; lastKnownFileType = sourcecode.c.h; path = BIDViewController.h; sourceTree = "<group>"; };
		003AE90D17E82D4900E26CD3 /* BIDViewController.m */ = {isa = PBXFileReference; lastKnownFileType = sourcecode.c.objc; path = BIDViewController.m; sourceTree = "<group>"; };
		003AE91417E8321700E26CD3 /* BIDTaskListController.h */ = {isa = PBXFileReference; fileEncoding = 4; lastKnownFileType = sourcecode.c.h; path = BIDTaskListController.h; sourceTree = "<group>"; };
		003AE91517E8321700E26CD3 /* BIDTaskListController.m */ = {isa = PBXFileReference; fileEncoding = 4; lastKnownFileType = sourcecode.c.objc; path = BIDTaskListController.m; sourceTree = "<group>"; };
/* End PBXFileReference section */

/* Begin PBXFrameworksBuildPhase section */
		003AE8F017E82D4900E26CD3 /* Frameworks */ = {
			isa = PBXFrameworksBuildPhase;
			buildActionMask = 2147483647;
			files = (
				003AE8F817E82D4900E26CD3 /* UIKit.framework in Frameworks */,
				003AE8FA17E82D4900E26CD3 /* Foundation.framework in Frameworks */,
				003AE8FC17E82D4900E26CD3 /* CoreGraphics.framework in Frameworks */,
			);
			runOnlyForDeploymentPostprocessing = 0;
		};
/* End PBXFrameworksBuildPhase section */

/* Begin PBXGroup section */
		003AE8E817E82D4900E26CD3 = {
			isa = PBXGroup;
			children = (
				003AE8FD17E82D4900E26CD3 /* Simple Storyboard */,
				003AE8F617E82D4900E26CD3 /* Frameworks */,
				003AE8F417E82D4900E26CD3 /* Products */,
			);
			sourceTree = "<group>";
		};
		003AE8F417E82D4900E26CD3 /* Products */ = {
			isa = PBXGroup;
			children = (
				003AE8F317E82D4900E26CD3 /* Simple Storyboard.app */,
			);
			name = Products;
			sourceTree = "<group>";
		};
		003AE8F617E82D4900E26CD3 /* Frameworks */ = {
			isa = PBXGroup;
			children = (
				003AE8F717E82D4900E26CD3 /* UIKit.framework */,
				003AE8F917E82D4900E26CD3 /* Foundation.framework */,
				003AE8FB17E82D4900E26CD3 /* CoreGraphics.framework */,
			);
			name = Frameworks;
			sourceTree = "<group>";
		};
		003AE8FD17E82D4900E26CD3 /* Simple Storyboard */ = {
			isa = PBXGroup;
			children = (
				003AE90617E82D4900E26CD3 /* BIDAppDelegate.h */,
				003AE90717E82D4900E26CD3 /* BIDAppDelegate.m */,
				003AE90917E82D4900E26CD3 /* MainStoryboard.storyboard */,
				003AE90C17E82D4900E26CD3 /* BIDViewController.h */,
				003AE90D17E82D4900E26CD3 /* BIDViewController.m */,
				003AE8FE17E82D4900E26CD3 /* Supporting Files */,
				003AE91417E8321700E26CD3 /* BIDTaskListController.h */,
				003AE91517E8321700E26CD3 /* BIDTaskListController.m */,
			);
			path = "Simple Storyboard";
			sourceTree = "<group>";
		};
		003AE8FE17E82D4900E26CD3 /* Supporting Files */ = {
			isa = PBXGroup;
			children = (
				003AE8FF17E82D4900E26CD3 /* Simple Storyboard-Info.plist */,
				003AE90017E82D4900E26CD3 /* InfoPlist.strings */,
				003AE90317E82D4900E26CD3 /* main.m */,
				003AE90517E82D4900E26CD3 /* Simple Storyboard-Prefix.pch */,
			);
			name = "Supporting Files";
			sourceTree = "<group>";
		};
/* End PBXGroup section */

/* Begin PBXNativeTarget section */
		003AE8F217E82D4900E26CD3 /* Simple Storyboard */ = {
			isa = PBXNativeTarget;
			buildConfigurationList = 003AE91117E82D4900E26CD3 /* Build configuration list for PBXNativeTarget "Simple Storyboard" */;
			buildPhases = (
				003AE8EF17E82D4900E26CD3 /* Sources */,
				003AE8F017E82D4900E26CD3 /* Frameworks */,
				003AE8F117E82D4900E26CD3 /* Resources */,
			);
			buildRules = (
			);
			dependencies = (
			);
			name = "Simple Storyboard";
			productName = "Simple Storyboard";
			productReference = 003AE8F317E82D4900E26CD3 /* Simple Storyboard.app */;
			productType = "com.apple.product-type.application";
		};
/* End PBXNativeTarget section */

/* Begin PBXProject section */
		003AE8EA17E82D4900E26CD3 /* Project object */ = {
			isa = PBXProject;
			attributes = {
				LastUpgradeCheck = 0420;
			};
			buildConfigurationList = 003AE8ED17E82D4900E26CD3 /* Build configuration list for PBXProject "Simple Storyboard" */;
			compatibilityVersion = "Xcode 3.2";
			developmentRegion = English;
			hasScannedForEncodings = 0;
			knownRegions = (
				en,
			);
			mainGroup = 003AE8E817E82D4900E26CD3;
			productRefGroup = 003AE8F417E82D4900E26CD3 /* Products */;
			projectDirPath = "";
			projectRoot = "";
			targets = (
				003AE8F217E82D4900E26CD3 /* Simple Storyboard */,
			);
		};
/* End PBXProject section */

/* Begin PBXResourcesBuildPhase section */
		003AE8F117E82D4900E26CD3 /* Resources */ = {
			isa = PBXResourcesBuildPhase;
			buildActionMask = 2147483647;
			files = (
				003AE90217E82D4900E26CD3 /* InfoPlist.strings in Resources */,
				003AE90B17E82D4900E26CD3 /* MainStoryboard.storyboard in Resources */,
			);
			runOnlyForDeploymentPostprocessing = 0;
		};
/* End PBXResourcesBuildPhase section */

/* Begin PBXSourcesBuildPhase section */
		003AE8EF17E82D4900E26CD3 /* Sources */ = {
			isa = PBXSourcesBuildPhase;
			buildActionMask = 2147483647;
			files = (
				003AE90417E82D4900E26CD3 /* main.m in Sources */,
				003AE90817E82D4900E26CD3 /* BIDAppDelegate.m in Sources */,
				003AE90E17E82D4900E26CD3 /* BIDViewController.m in Sources */,
				003AE91617E8321700E26CD3 /* BIDTaskListController.m in Sources */,
			);
			runOnlyForDeploymentPostprocessing = 0;
		};
/* End PBXSourcesBuildPhase section */

/* Begin PBXVariantGroup section */
		003AE90017E82D4900E26CD3 /* InfoPlist.strings */ = {
			isa = PBXVariantGroup;
			children = (
				003AE90117E82D4900E26CD3 /* en */,
			);
			name = InfoPlist.strings;
			sourceTree = "<group>";
		};
		003AE90917E82D4900E26CD3 /* MainStoryboard.storyboard */ = {
			isa = PBXVariantGroup;
			children = (
				003AE90A17E82D4900E26CD3 /* en */,
			);
			name = MainStoryboard.storyboard;
			sourceTree = "<group>";
		};
/* End PBXVariantGroup section */

/* Begin XCBuildConfiguration section */
		003AE90F17E82D4900E26CD3 /* Debug */ = {
			isa = XCBuildConfiguration;
			buildSettings = {
				ALWAYS_SEARCH_USER_PATHS = NO;
				ARCHS = "$(ARCHS_STANDARD_32_BIT)";
				CLANG_ENABLE_OBJC_ARC = YES;
				"CODE_SIGN_IDENTITY[sdk=iphoneos*]" = "iPhone Developer";
				COPY_PHASE_STRIP = NO;
				GCC_C_LANGUAGE_STANDARD = gnu99;
				GCC_DYNAMIC_NO_PIC = NO;
				GCC_OPTIMIZATION_LEVEL = 0;
				GCC_PREPROCESSOR_DEFINITIONS = (
					"DEBUG=1",
					"$(inherited)",
				);
				GCC_SYMBOLS_PRIVATE_EXTERN = NO;
				GCC_VERSION = com.apple.compilers.llvm.clang.1_0;
				GCC_WARN_ABOUT_MISSING_PROTOTYPES = YES;
				GCC_WARN_ABOUT_RETURN_TYPE = YES;
				GCC_WARN_UNUSED_VARIABLE = YES;
				IPHONEOS_DEPLOYMENT_TARGET = 5.0;
				SDKROOT = iphoneos;
			};
			name = Debug;
		};
		003AE91017E82D4900E26CD3 /* Release */ = {
			isa = XCBuildConfiguration;
			buildSettings = {
				ALWAYS_SEARCH_USER_PATHS = NO;
				ARCHS = "$(ARCHS_STANDARD_32_BIT)";
				CLANG_ENABLE_OBJC_ARC = YES;
				"CODE_SIGN_IDENTITY[sdk=iphoneos*]" = "iPhone Developer";
				COPY_PHASE_STRIP = YES;
				GCC_C_LANGUAGE_STANDARD = gnu99;
				GCC_VERSION = com.apple.compilers.llvm.clang.1_0;
				GCC_WARN_ABOUT_MISSING_PROTOTYPES = YES;
				GCC_WARN_ABOUT_RETURN_TYPE = YES;
				GCC_WARN_UNUSED_VARIABLE = YES;
				IPHONEOS_DEPLOYMENT_TARGET = 5.0;
				OTHER_CFLAGS = "-DNS_BLOCK_ASSERTIONS=1";
				SDKROOT = iphoneos;
				VALIDATE_PRODUCT = YES;
			};
			name = Release;
		};
		003AE91217E82D4900E26CD3 /* Debug */ = {
			isa = XCBuildConfiguration;
			buildSettings = {
				GCC_PRECOMPILE_PREFIX_HEADER = YES;
				GCC_PREFIX_HEADER = "Simple Storyboard/Simple Storyboard-Prefix.pch";
				INFOPLIST_FILE = "Simple Storyboard/Simple Storyboard-Info.plist";
				PRODUCT_NAME = "$(TARGET_NAME)";
				WRAPPER_EXTENSION = app;
			};
			name = Debug;
		};
		003AE91317E82D4900E26CD3 /* Release */ = {
			isa = XCBuildConfiguration;
			buildSettings = {
				GCC_PRECOMPILE_PREFIX_HEADER = YES;
				GCC_PREFIX_HEADER = "Simple Storyboard/Simple Storyboard-Prefix.pch";
				INFOPLIST_FILE = "Simple Storyboard/Simple Storyboard-Info.plist";
				PRODUCT_NAME = "$(TARGET_NAME)";
				WRAPPER_EXTENSION = app;
			};
			name = Release;
		};
/* End XCBuildConfiguration section */

/* Begin XCConfigurationList section */
		003AE8ED17E82D4900E26CD3 /* Build configuration list for PBXProject "Simple Storyboard" */ = {
			isa = XCConfigurationList;
			buildConfigurations = (
				003AE90F17E82D4900E26CD3 /* Debug */,
				003AE91017E82D4900E26CD3 /* Release */,
			);
			defaultConfigurationIsVisible = 0;
			defaultConfigurationName = Release;
		};
		003AE91117E82D4900E26CD3 /* Build configuration list for PBXNativeTarget "Simple Storyboard" */ = {
			isa = XCConfigurationList;
			buildConfigurations = (
				003AE91217E82D4900E26CD3 /* Debug */,
				003AE91317E82D4900E26CD3 /* Release */,
			);
			defaultConfigurationIsVisible = 0;
		};
/* End XCConfigurationList section */
	};
	rootObject = 003AE8EA17E82D4900E26CD3 /* Project object */;
}
