// !$*UTF8*$!
{
	archiveVersion = 1;
	classes = {
	};
	objectVersion = 46;
	objects = {

/* Begin PBXBuildFile section */
		003AE92A17E840C200E26CD3 /* UIKit.framework in Frameworks */ = {isa = PBXBuildFile; fileRef = 003AE92917E840C200E26CD3 /* UIKit.framework */; };
		003AE92C17E840C200E26CD3 /* Foundation.framework in Frameworks */ = {isa = PBXBuildFile; fileRef = 003AE92B17E840C200E26CD3 /* Foundation.framework */; };
		003AE92E17E840C200E26CD3 /* CoreGraphics.framework in Frameworks */ = {isa = PBXBuildFile; fileRef = 003AE92D17E840C200E26CD3 /* CoreGraphics.framework */; };
		003AE93417E840C200E26CD3 /* InfoPlist.strings in Resources */ = {isa = PBXBuildFile; fileRef = 003AE93217E840C200E26CD3 /* InfoPlist.strings */; };
		003AE93617E840C200E26CD3 /* main.m in Sources */ = {isa = PBXBuildFile; fileRef = 003AE93517E840C200E26CD3 /* main.m */; };
		003AE93A17E840C200E26CD3 /* BIDAppDelegate.m in Sources */ = {isa = PBXBuildFile; fileRef = 003AE93917E840C200E26CD3 /* BIDAppDelegate.m */; };
		003AE94117E8410700E26CD3 /* MainStoryboard.storyboard in Resources */ = {isa = PBXBuildFile; fileRef = 003AE94017E8410700E26CD3 /* MainStoryboard.storyboard */; };
		003AE94817E8463100E26CD3 /* BIDTaskListController.m in Sources */ = {isa = PBXBuildFile; fileRef = 003AE94717E8463100E26CD3 /* BIDTaskListController.m */; };
		003AE94C17E8485600E26CD3 /* BIDTaskDetailController.m in Sources */ = {isa = PBXBuildFile; fileRef = 003AE94B17E8485600E26CD3 /* BIDTaskDetailController.m */; };
/* End PBXBuildFile section */

/* Begin PBXFileReference section */
		003AE92517E840C200E26CD3 /* Seg Nav.app */ = {isa = PBXFileReference; explicitFileType = wrapper.application; includeInIndex = 0; path = "Seg Nav.app"; sourceTree = BUILT_PRODUCTS_DIR; };
		003AE92917E840C200E26CD3 /* UIKit.framework */ = {isa = PBXFileReference; lastKnownFileType = wrapper.framework; name = UIKit.framework; path = System/Library/Frameworks/UIKit.framework; sourceTree = SDKROOT; };
		003AE92B17E840C200E26CD3 /* Foundation.framework */ = {isa = PBXFileReference; lastKnownFileType = wrapper.framework; name = Foundation.framework; path = System/Library/Frameworks/Foundation.framework; sourceTree = SDKROOT; };
		003AE92D17E840C200E26CD3 /* CoreGraphics.framework */ = {isa = PBXFileReference; lastKnownFileType = wrapper.framework; name = CoreGraphics.framework; path = System/Library/Frameworks/CoreGraphics.framework; sourceTree = SDKROOT; };
		003AE93117E840C200E26CD3 /* Seg Nav-Info.plist */ = {isa = PBXFileReference; lastKnownFileType = text.plist.xml; path = "Seg Nav-Info.plist"; sourceTree = "<group>"; };
		003AE93317E840C200E26CD3 /* en */ = {isa = PBXFileReference; lastKnownFileType = text.plist.strings; name = en; path = en.lproj/InfoPlist.strings; sourceTree = "<group>"; };
		003AE93517E840C200E26CD3 /* main.m */ = {isa = PBXFileReference; lastKnownFileType = sourcecode.c.objc; path = main.m; sourceTree = "<group>"; };
		003AE93717E840C200E26CD3 /* Seg Nav-Prefix.pch */ = {isa = PBXFileReference; lastKnownFileType = sourcecode.c.h; path = "Seg Nav-Prefix.pch"; sourceTree = "<group>"; };
		003AE93817E840C200E26CD3 /* BIDAppDelegate.h */ = {isa = PBXFileReference; lastKnownFileType = sourcecode.c.h; path = BIDAppDelegate.h; sourceTree = "<group>"; };
		003AE93917E840C200E26CD3 /* BIDAppDelegate.m */ = {isa = PBXFileReference; lastKnownFileType = sourcecode.c.objc; path = BIDAppDelegate.m; sourceTree = "<group>"; };
		003AE94017E8410700E26CD3 /* MainStoryboard.storyboard */ = {isa = PBXFileReference; fileEncoding = 4; lastKnownFileType = file.storyboard; path = MainStoryboard.storyboard; sourceTree = "<group>"; };
		003AE94617E8463100E26CD3 /* BIDTaskListController.h */ = {isa = PBXFileReference; fileEncoding = 4; lastKnownFileType = sourcecode.c.h; path = BIDTaskListController.h; sourceTree = "<group>"; };
		003AE94717E8463100E26CD3 /* BIDTaskListController.m */ = {isa = PBXFileReference; fileEncoding = 4; lastKnownFileType = sourcecode.c.objc; path = BIDTaskListController.m; sourceTree = "<group>"; };
		003AE94A17E8485600E26CD3 /* BIDTaskDetailController.h */ = {isa = PBXFileReference; fileEncoding = 4; path = BIDTaskDetailController.h; sourceTree = "<group>"; };
		003AE94B17E8485600E26CD3 /* BIDTaskDetailController.m */ = {isa = PBXFileReference; fileEncoding = 4; lastKnownFileType = sourcecode.c.objc; path = BIDTaskDetailController.m; sourceTree = "<group>"; };
/* End PBXFileReference section */

/* Begin PBXFrameworksBuildPhase section */
		003AE92217E840C200E26CD3 /* Frameworks */ = {
			isa = PBXFrameworksBuildPhase;
			buildActionMask = 2147483647;
			files = (
				003AE92A17E840C200E26CD3 /* UIKit.framework in Frameworks */,
				003AE92C17E840C200E26CD3 /* Foundation.framework in Frameworks */,
				003AE92E17E840C200E26CD3 /* CoreGraphics.framework in Frameworks */,
			);
			runOnlyForDeploymentPostprocessing = 0;
		};
/* End PBXFrameworksBuildPhase section */

/* Begin PBXGroup section */
		003AE91A17E840C200E26CD3 = {
			isa = PBXGroup;
			children = (
				003AE92F17E840C200E26CD3 /* Seg Nav */,
				003AE92817E840C200E26CD3 /* Frameworks */,
				003AE92617E840C200E26CD3 /* Products */,
			);
			sourceTree = "<group>";
		};
		003AE92617E840C200E26CD3 /* Products */ = {
			isa = PBXGroup;
			children = (
				003AE92517E840C200E26CD3 /* Seg Nav.app */,
			);
			name = Products;
			sourceTree = "<group>";
		};
		003AE92817E840C200E26CD3 /* Frameworks */ = {
			isa = PBXGroup;
			children = (
				003AE92917E840C200E26CD3 /* UIKit.framework */,
				003AE92B17E840C200E26CD3 /* Foundation.framework */,
				003AE92D17E840C200E26CD3 /* CoreGraphics.framework */,
			);
			name = Frameworks;
			sourceTree = "<group>";
		};
		003AE92F17E840C200E26CD3 /* Seg Nav */ = {
			isa = PBXGroup;
			children = (
				003AE93817E840C200E26CD3 /* BIDAppDelegate.h */,
				003AE93917E840C200E26CD3 /* BIDAppDelegate.m */,
				003AE94017E8410700E26CD3 /* MainStoryboard.storyboard */,
				003AE94A17E8485600E26CD3 /* BIDTaskDetailController.h */,
				003AE94B17E8485600E26CD3 /* BIDTaskDetailController.m */,
				003AE94617E8463100E26CD3 /* BIDTaskListController.h */,
				003AE94717E8463100E26CD3 /* BIDTaskListController.m */,
				003AE93017E840C200E26CD3 /* Supporting Files */,
			);
			path = "Seg Nav";
			sourceTree = "<group>";
		};
		003AE93017E840C200E26CD3 /* Supporting Files */ = {
			isa = PBXGroup;
			children = (
				003AE93117E840C200E26CD3 /* Seg Nav-Info.plist */,
				003AE93217E840C200E26CD3 /* InfoPlist.strings */,
				003AE93517E840C200E26CD3 /* main.m */,
				003AE93717E840C200E26CD3 /* Seg Nav-Prefix.pch */,
			);
			name = "Supporting Files";
			sourceTree = "<group>";
		};
/* End PBXGroup section */

/* Begin PBXNativeTarget section */
		003AE92417E840C200E26CD3 /* Seg Nav */ = {
			isa = PBXNativeTarget;
			buildConfigurationList = 003AE93D17E840C200E26CD3 /* Build configuration list for PBXNativeTarget "Seg Nav" */;
			buildPhases = (
				003AE92117E840C200E26CD3 /* Sources */,
				003AE92217E840C200E26CD3 /* Frameworks */,
				003AE92317E840C200E26CD3 /* Resources */,
			);
			buildRules = (
			);
			dependencies = (
			);
			name = "Seg Nav";
			productName = "Seg Nav";
			productReference = 003AE92517E840C200E26CD3 /* Seg Nav.app */;
			productType = "com.apple.product-type.application";
		};
/* End PBXNativeTarget section */

/* Begin PBXProject section */
		003AE91C17E840C200E26CD3 /* Project object */ = {
			isa = PBXProject;
			attributes = {
				LastUpgradeCheck = 0420;
			};
			buildConfigurationList = 003AE91F17E840C200E26CD3 /* Build configuration list for PBXProject "Seg Nav" */;
			compatibilityVersion = "Xcode 3.2";
			developmentRegion = English;
			hasScannedForEncodings = 0;
			knownRegions = (
				en,
			);
			mainGroup = 003AE91A17E840C200E26CD3;
			productRefGroup = 003AE92617E840C200E26CD3 /* Products */;
			projectDirPath = "";
			projectRoot = "";
			targets = (
				003AE92417E840C200E26CD3 /* Seg Nav */,
			);
		};
/* End PBXProject section */

/* Begin PBXResourcesBuildPhase section */
		003AE92317E840C200E26CD3 /* Resources */ = {
			isa = PBXResourcesBuildPhase;
			buildActionMask = 2147483647;
			files = (
				003AE93417E840C200E26CD3 /* InfoPlist.strings in Resources */,
				003AE94117E8410700E26CD3 /* MainStoryboard.storyboard in Resources */,
			);
			runOnlyForDeploymentPostprocessing = 0;
		};
/* End PBXResourcesBuildPhase section */

/* Begin PBXSourcesBuildPhase section */
		003AE92117E840C200E26CD3 /* Sources */ = {
			isa = PBXSourcesBuildPhase;
			buildActionMask = 2147483647;
			files = (
				003AE93617E840C200E26CD3 /* main.m in Sources */,
				003AE93A17E840C200E26CD3 /* BIDAppDelegate.m in Sources */,
				003AE94817E8463100E26CD3 /* BIDTaskListController.m in Sources */,
				003AE94C17E8485600E26CD3 /* BIDTaskDetailController.m in Sources */,
			);
			runOnlyForDeploymentPostprocessing = 0;
		};
/* End PBXSourcesBuildPhase section */

/* Begin PBXVariantGroup section */
		003AE93217E840C200E26CD3 /* InfoPlist.strings */ = {
			isa = PBXVariantGroup;
			children = (
				003AE93317E840C200E26CD3 /* en */,
			);
			name = InfoPlist.strings;
			sourceTree = "<group>";
		};
/* End PBXVariantGroup section */

/* Begin XCBuildConfiguration section */
		003AE93B17E840C200E26CD3 /* Debug */ = {
			isa = XCBuildConfiguration;
			buildSettings = {
				ALWAYS_SEARCH_USER_PATHS = NO;
				ARCHS = "$(ARCHS_STANDARD_32_BIT)";
				CLANG_ENABLE_OBJC_ARC = YES;
				"CODE_SIGN_IDENTITY[sdk=iphoneos*]" = "iPhone Developer";
				COPY_PHASE_STRIP = NO;
				GCC_C_LANGUAGE_STANDARD = gnu99;
				GCC_DYNAMIC_NO_PIC = NO;
				GCC_OPTIMIZATION_LEVEL = 0;
				GCC_PREPROCESSOR_DEFINITIONS = (
					"DEBUG=1",
					"$(inherited)",
				);
				GCC_SYMBOLS_PRIVATE_EXTERN = NO;
				GCC_VERSION = com.apple.compilers.llvm.clang.1_0;
				GCC_WARN_ABOUT_MISSING_PROTOTYPES = YES;
				GCC_WARN_ABOUT_RETURN_TYPE = YES;
				GCC_WARN_UNUSED_VARIABLE = YES;
				IPHONEOS_DEPLOYMENT_TARGET = 5.0;
				SDKROOT = iphoneos;
			};
			name = Debug;
		};
		003AE93C17E840C200E26CD3 /* Release */ = {
			isa = XCBuildConfiguration;
			buildSettings = {
				ALWAYS_SEARCH_USER_PATHS = NO;
				ARCHS = "$(ARCHS_STANDARD_32_BIT)";
				CLANG_ENABLE_OBJC_ARC = YES;
				"CODE_SIGN_IDENTITY[sdk=iphoneos*]" = "iPhone Developer";
				COPY_PHASE_STRIP = YES;
				GCC_C_LANGUAGE_STANDARD = gnu99;
				GCC_VERSION = com.apple.compilers.llvm.clang.1_0;
				GCC_WARN_ABOUT_MISSING_PROTOTYPES = YES;
				GCC_WARN_ABOUT_RETURN_TYPE = YES;
				GCC_WARN_UNUSED_VARIABLE = YES;
				IPHONEOS_DEPLOYMENT_TARGET = 5.0;
				OTHER_CFLAGS = "-DNS_BLOCK_ASSERTIONS=1";
				SDKROOT = iphoneos;
				VALIDATE_PRODUCT = YES;
			};
			name = Release;
		};
		003AE93E17E840C200E26CD3 /* Debug */ = {
			isa = XCBuildConfiguration;
			buildSettings = {
				GCC_PRECOMPILE_PREFIX_HEADER = YES;
				GCC_PREFIX_HEADER = "Seg Nav/Seg Nav-Prefix.pch";
				INFOPLIST_FILE = "Seg Nav/Seg Nav-Info.plist";
				PRODUCT_NAME = "$(TARGET_NAME)";
				WRAPPER_EXTENSION = app;
			};
			name = Debug;
		};
		003AE93F17E840C200E26CD3 /* Release */ = {
			isa = XCBuildConfiguration;
			buildSettings = {
				GCC_PRECOMPILE_PREFIX_HEADER = YES;
				GCC_PREFIX_HEADER = "Seg Nav/Seg Nav-Prefix.pch";
				INFOPLIST_FILE = "Seg Nav/Seg Nav-Info.plist";
				PRODUCT_NAME = "$(TARGET_NAME)";
				WRAPPER_EXTENSION = app;
			};
			name = Release;
		};
/* End XCBuildConfiguration section */

/* Begin XCConfigurationList section */
		003AE91F17E840C200E26CD3 /* Build configuration list for PBXProject "Seg Nav" */ = {
			isa = XCConfigurationList;
			buildConfigurations = (
				003AE93B17E840C200E26CD3 /* Debug */,
				003AE93C17E840C200E26CD3 /* Release */,
			);
			defaultConfigurationIsVisible = 0;
			defaultConfigurationName = Release;
		};
		003AE93D17E840C200E26CD3 /* Build configuration list for PBXNativeTarget "Seg Nav" */ = {
			isa = XCConfigurationList;
			buildConfigurations = (
				003AE93E17E840C200E26CD3 /* Debug */,
				003AE93F17E840C200E26CD3 /* Release */,
			);
			defaultConfigurationIsVisible = 0;
			defaultConfigurationName = Release;
		};
/* End XCConfigurationList section */
	};
	rootObject = 003AE91C17E840C200E26CD3 /* Project object */;
}
